
Microsoft Visual Studio Solution File, Format Version 12.00
# Visual Studio Version 16
VisualStudioVersion = 16.0.29215.179
MinimumVisualStudioVersion = 10.0.40219.1
Project("{FAE04EC0-301F-11D3-BF4B-00C04F79EFBC}") = "ChernivtsiGuide.UWP", "ChernivtsiGuide\ChernivtsiGuide.UWP\ChernivtsiGuide.UWP.csproj", "{6315174D-881E-40CE-B7C6-962BA9DACF67}"
EndProject
Project("{FAE04EC0-301F-11D3-BF4B-00C04F79EFBC}") = "ChernivtsiGuide.Android", "ChernivtsiGuide\ChernivtsiGuide.Android\ChernivtsiGuide.Android.csproj", "{0C1A6075-0893-4195-BB73-A864F010F5D7}"
EndProject
Project("{FAE04EC0-301F-11D3-BF4B-00C04F79EFBC}") = "ChernivtsiGuide.iOS", "ChernivtsiGuide\ChernivtsiGuide.iOS\ChernivtsiGuide.iOS.csproj", "{E3D9670C-7473-4B72-B021-078FA973EFCE}"
EndProject
Project("{FAE04EC0-301F-11D3-BF4B-00C04F79EFBC}") = "ChernivtsiGuide", "ChernivtsiGuide\ChernivtsiGuide\ChernivtsiGuide.csproj", "{BEA0A360-2904-4991-A969-9272F4DA9E6D}"
EndProject
Global
	GlobalSection(SolutionConfigurationPlatforms) = preSolution
		Debug|Any CPU = Debug|Any CPU
		Debug|ARM = Debug|ARM
		Debug|iPhone = Debug|iPhone
		Debug|iPhoneSimulator = Debug|iPhoneSimulator
		Debug|x64 = Debug|x64
		Debug|x86 = Debug|x86
		Release|Any CPU = Release|Any CPU
		Release|ARM = Release|ARM
		Release|iPhone = Release|iPhone
		Release|iPhoneSimulator = Release|iPhoneSimulator
		Release|x64 = Release|x64
		Release|x86 = Release|x86
	EndGlobalSection
	GlobalSection(ProjectConfigurationPlatforms) = postSolution
		{6315174D-881E-40CE-B7C6-962BA9DACF67}.Debug|Any CPU.ActiveCfg = Debug|x86
		{6315174D-881E-40CE-B7C6-962BA9DACF67}.Debug|Any CPU.Build.0 = Debug|x86
		{6315174D-881E-40CE-B7C6-962BA9DACF67}.Debug|Any CPU.Deploy.0 = Debug|x86
		{6315174D-881E-40CE-B7C6-962BA9DACF67}.Debug|ARM.ActiveCfg = Debug|ARM
		{6315174D-881E-40CE-B7C6-962BA9DACF67}.Debug|ARM.Build.0 = Debug|ARM
		{6315174D-881E-40CE-B7C6-962BA9DACF67}.Debug|ARM.Deploy.0 = Debug|ARM
		{6315174D-881E-40CE-B7C6-962BA9DACF67}.Debug|iPhone.ActiveCfg = Debug|x86
		{6315174D-881E-40CE-B7C6-962BA9DACF67}.Debug|iPhone.Build.0 = Debug|x86
		{6315174D-881E-40CE-B7C6-962BA9DACF67}.Debug|iPhone.Deploy.0 = Debug|x86
		{6315174D-881E-40CE-B7C6-962BA9DACF67}.Debug|iPhoneSimulator.ActiveCfg = Debug|x86
		{6315174D-881E-40CE-B7C6-962BA9DACF67}.Debug|iPhoneSimulator.Build.0 = Debug|x86
		{6315174D-881E-40CE-B7C6-962BA9DACF67}.Debug|iPhoneSimulator.Deploy.0 = Debug|x86
		{6315174D-881E-40CE-B7C6-962BA9DACF67}.Debug|x64.ActiveCfg = Debug|x64
		{6315174D-881E-40CE-B7C6-962BA9DACF67}.Debug|x64.Build.0 = Debug|x64
		{6315174D-881E-40CE-B7C6-962BA9DACF67}.Debug|x64.Deploy.0 = Debug|x64
		{6315174D-881E-40CE-B7C6-962BA9DACF67}.Debug|x86.ActiveCfg = Debug|x86
		{6315174D-881E-40CE-B7C6-962BA9DACF67}.Debug|x86.Build.0 = Debug|x86
		{6315174D-881E-40CE-B7C6-962BA9DACF67}.Debug|x86.Deploy.0 = Debug|x86
		{6315174D-881E-40CE-B7C6-962BA9DACF67}.Release|Any CPU.ActiveCfg = Release|x86
		{6315174D-881E-40CE-B7C6-962BA9DACF67}.Release|Any CPU.Build.0 = Release|x86
		{6315174D-881E-40CE-B7C6-962BA9DACF67}.Release|Any CPU.Deploy.0 = Release|x86
		{6315174D-881E-40CE-B7C6-962BA9DACF67}.Release|ARM.ActiveCfg = Release|ARM
		{6315174D-881E-40CE-B7C6-962BA9DACF67}.Release|ARM.Build.0 = Release|ARM
		{6315174D-881E-40CE-B7C6-962BA9DACF67}.Release|ARM.Deploy.0 = Release|ARM
		{6315174D-881E-40CE-B7C6-962BA9DACF67}.Release|iPhone.ActiveCfg = Release|x86
		{6315174D-881E-40CE-B7C6-962BA9DACF67}.Release|iPhone.Build.0 = Release|x86
		{6315174D-881E-40CE-B7C6-962BA9DACF67}.Release|iPhone.Deploy.0 = Release|x86
		{6315174D-881E-40CE-B7C6-962BA9DACF67}.Release|iPhoneSimulator.ActiveCfg = Release|x86
		{6315174D-881E-40CE-B7C6-962BA9DACF67}.Release|iPhoneSimulator.Build.0 = Release|x86
		{6315174D-881E-40CE-B7C6-962BA9DACF67}.Release|iPhoneSimulator.Deploy.0 = Release|x86
		{6315174D-881E-40CE-B7C6-962BA9DACF67}.Release|x64.ActiveCfg = Release|x64
		{6315174D-881E-40CE-B7C6-962BA9DACF67}.Release|x64.Build.0 = Release|x64
		{6315174D-881E-40CE-B7C6-962BA9DACF67}.Release|x64.Deploy.0 = Release|x64
		{6315174D-881E-40CE-B7C6-962BA9DACF67}.Release|x86.ActiveCfg = Release|x86
		{6315174D-881E-40CE-B7C6-962BA9DACF67}.Release|x86.Build.0 = Release|x86
		{6315174D-881E-40CE-B7C6-962BA9DACF67}.Release|x86.Deploy.0 = Release|x86
		{0C1A6075-0893-4195-BB73-A864F010F5D7}.Debug|Any CPU.ActiveCfg = Debug|Any CPU
		{0C1A6075-0893-4195-BB73-A864F010F5D7}.Debug|Any CPU.Build.0 = Debug|Any CPU
		{0C1A6075-0893-4195-BB73-A864F010F5D7}.Debug|Any CPU.Deploy.0 = Debug|Any CPU
		{0C1A6075-0893-4195-BB73-A864F010F5D7}.Debug|ARM.ActiveCfg = Debug|Any CPU
		{0C1A6075-0893-4195-BB73-A864F010F5D7}.Debug|ARM.Build.0 = Debug|Any CPU
		{0C1A6075-0893-4195-BB73-A864F010F5D7}.Debug|ARM.Deploy.0 = Debug|Any CPU
		{0C1A6075-0893-4195-BB73-A864F010F5D7}.Debug|iPhone.ActiveCfg = Debug|Any CPU
		{0C1A6075-0893-4195-BB73-A864F010F5D7}.Debug|iPhone.Build.0 = Debug|Any CPU
		{0C1A6075-0893-4195-BB73-A864F010F5D7}.Debug|iPhone.Deploy.0 = Debug|Any CPU
		{0C1A6075-0893-4195-BB73-A864F010F5D7}.Debug|iPhoneSimulator.ActiveCfg = Debug|Any CPU
		{0C1A6075-0893-4195-BB73-A864F010F5D7}.Debug|iPhoneSimulator.Build.0 = Debug|Any CPU
		{0C1A6075-0893-4195-BB73-A864F010F5D7}.Debug|iPhoneSimulator.Deploy.0 = Debug|Any CPU
		{0C1A6075-0893-4195-BB73-A864F010F5D7}.Debug|x64.ActiveCfg = Debug|Any CPU
		{0C1A6075-0893-4195-BB73-A864F010F5D7}.Debug|x64.Build.0 = Debug|Any CPU
		{0C1A6075-0893-4195-BB73-A864F010F5D7}.Debug|x64.Deploy.0 = Debug|Any CPU
		{0C1A6075-0893-4195-BB73-A864F010F5D7}.Debug|x86.ActiveCfg = Debug|Any CPU
		{0C1A6075-0893-4195-BB73-A864F010F5D7}.Debug|x86.Build.0 = Debug|Any CPU
		{0C1A6075-0893-4195-BB73-A864F010F5D7}.Debug|x86.Deploy.0 = Debug|Any CPU
		{0C1A6075-0893-4195-BB73-A864F010F5D7}.Release|Any CPU.ActiveCfg = Release|Any CPU
		{0C1A6075-0893-4195-BB73-A864F010F5D7}.Release|Any CPU.Build.0 = Release|Any CPU
		{0C1A6075-0893-4195-BB73-A864F010F5D7}.Release|Any CPU.Deploy.0 = Release|Any CPU
		{0C1A6075-0893-4195-BB73-A864F010F5D7}.Release|ARM.ActiveCfg = Release|Any CPU
		{0C1A6075-0893-4195-BB73-A864F010F5D7}.Release|ARM.Build.0 = Release|Any CPU
		{0C1A6075-0893-4195-BB73-A864F010F5D7}.Release|ARM.Deploy.0 = Release|Any CPU
		{0C1A6075-0893-4195-BB73-A864F010F5D7}.Release|iPhone.ActiveCfg = Release|Any CPU
		{0C1A6075-0893-4195-BB73-A864F010F5D7}.Release|iPhone.Build.0 = Release|Any CPU
		{0C1A6075-0893-4195-BB73-A864F010F5D7}.Release|iPhone.Deploy.0 = Release|Any CPU
		{0C1A6075-0893-4195-BB73-A864F010F5D7}.Release|iPhoneSimulator.ActiveCfg = Release|Any CPU
		{0C1A6075-0893-4195-BB73-A864F010F5D7}.Release|iPhoneSimulator.Build.0 = Release|Any CPU
		{0C1A6075-0893-4195-BB73-A864F010F5D7}.Release|iPhoneSimulator.Deploy.0 = Release|Any CPU
		{0C1A6075-0893-4195-BB73-A864F010F5D7}.Release|x64.ActiveCfg = Release|Any CPU
		{0C1A6075-0893-4195-BB73-A864F010F5D7}.Release|x64.Build.0 = Release|Any CPU
		{0C1A6075-0893-4195-BB73-A864F010F5D7}.Release|x64.Deploy.0 = Release|Any CPU
		{0C1A6075-0893-4195-BB73-A864F010F5D7}.Release|x86.ActiveCfg = Release|Any CPU
		{0C1A6075-0893-4195-BB73-A864F010F5D7}.Release|x86.Build.0 = Release|Any CPU
		{0C1A6075-0893-4195-BB73-A864F010F5D7}.Release|x86.Deploy.0 = Release|Any CPU
		{E3D9670C-7473-4B72-B021-078FA973EFCE}.Debug|Any CPU.ActiveCfg = Debug|iPhone
		{E3D9670C-7473-4B72-B021-078FA973EFCE}.Debug|Any CPU.Build.0 = Debug|iPhone
		{E3D9670C-7473-4B72-B021-078FA973EFCE}.Debug|Any CPU.Deploy.0 = Debug|iPhone
		{E3D9670C-7473-4B72-B021-078FA973EFCE}.Debug|ARM.ActiveCfg = Debug|iPhoneSimulator
		{E3D9670C-7473-4B72-B021-078FA973EFCE}.Debug|ARM.Build.0 = Debug|iPhoneSimulator
		{E3D9670C-7473-4B72-B021-078FA973EFCE}.Debug|ARM.Deploy.0 = Debug|iPhoneSimulator
		{E3D9670C-7473-4B72-B021-078FA973EFCE}.Debug|iPhone.ActiveCfg = Debug|iPhone
		{E3D9670C-7473-4B72-B021-078FA973EFCE}.Debug|iPhone.Build.0 = Debug|iPhone
		{E3D9670C-7473-4B72-B021-078FA973EFCE}.Debug|iPhone.Deploy.0 = Debug|iPhone
		{E3D9670C-7473-4B72-B021-078FA973EFCE}.Debug|iPhoneSimulator.ActiveCfg = Debug|iPhoneSimulator
		{E3D9670C-7473-4B72-B021-078FA973EFCE}.Debug|iPhoneSimulator.Build.0 = Debug|iPhoneSimulator
		{E3D9670C-7473-4B72-B021-078FA973EFCE}.Debug|iPhoneSimulator.Deploy.0 = Debug|iPhoneSimulator
		{E3D9670C-7473-4B72-B021-078FA973EFCE}.Debug|x64.ActiveCfg = Debug|iPhone
		{E3D9670C-7473-4B72-B021-078FA973EFCE}.Debug|x64.Build.0 = Debug|iPhone
		{E3D9670C-7473-4B72-B021-078FA973EFCE}.Debug|x64.Deploy.0 = Debug|iPhone
		{E3D9670C-7473-4B72-B021-078FA973EFCE}.Debug|x86.ActiveCfg = Debug|iPhone
		{E3D9670C-7473-4B72-B021-078FA973EFCE}.Debug|x86.Build.0 = Debug|iPhone
		{E3D9670C-7473-4B72-B021-078FA973EFCE}.Debug|x86.Deploy.0 = Debug|iPhone
		{E3D9670C-7473-4B72-B021-078FA973EFCE}.Release|Any CPU.ActiveCfg = Release|iPhone
		{E3D9670C-7473-4B72-B021-078FA973EFCE}.Release|Any CPU.Build.0 = Release|iPhone
		{E3D9670C-7473-4B72-B021-078FA973EFCE}.Release|Any CPU.Deploy.0 = Release|iPhone
		{E3D9670C-7473-4B72-B021-078FA973EFCE}.Release|ARM.ActiveCfg = Release|iPhone
		{E3D9670C-7473-4B72-B021-078FA973EFCE}.Release|ARM.Build.0 = Release|iPhone
		{E3D9670C-7473-4B72-B021-078FA973EFCE}.Release|ARM.Deploy.0 = Release|iPhone
		{E3D9670C-7473-4B72-B021-078FA973EFCE}.Release|iPhone.ActiveCfg = Release|iPhone
		{E3D9670C-7473-4B72-B021-078FA973EFCE}.Release|iPhone.Build.0 = Release|iPhone
		{E3D9670C-7473-4B72-B021-078FA973EFCE}.Release|iPhone.Deploy.0 = Release|iPhone
		{E3D9670C-7473-4B72-B021-078FA973EFCE}.Release|iPhoneSimulator.ActiveCfg = Release|iPhoneSimulator
		{E3D9670C-7473-4B72-B021-078FA973EFCE}.Release|iPhoneSimulator.Build.0 = Release|iPhoneSimulator
		{E3D9670C-7473-4B72-B021-078FA973EFCE}.Release|iPhoneSimulator.Deploy.0 = Release|iPhoneSimulator
		{E3D9670C-7473-4B72-B021-078FA973EFCE}.Release|x64.ActiveCfg = Release|iPhone
		{E3D9670C-7473-4B72-B021-078FA973EFCE}.Release|x64.Build.0 = Release|iPhone
		{E3D9670C-7473-4B72-B021-078FA973EFCE}.Release|x64.Deploy.0 = Release|iPhone
		{E3D9670C-7473-4B72-B021-078FA973EFCE}.Release|x86.ActiveCfg = Release|iPhone
		{E3D9670C-7473-4B72-B021-078FA973EFCE}.Release|x86.Build.0 = Release|iPhone
		{E3D9670C-7473-4B72-B021-078FA973EFCE}.Release|x86.Deploy.0 = Release|iPhone
		{BEA0A360-2904-4991-A969-9272F4DA9E6D}.Debug|Any CPU.ActiveCfg = Debug|Any CPU
		{BEA0A360-2904-4991-A969-9272F4DA9E6D}.Debug|Any CPU.Build.0 = Debug|Any CPU
		{BEA0A360-2904-4991-A969-9272F4DA9E6D}.Debug|Any CPU.Deploy.0 = Debug|Any CPU
		{BEA0A360-2904-4991-A969-9272F4DA9E6D}.Debug|ARM.ActiveCfg = Debug|Any CPU
		{BEA0A360-2904-4991-A969-9272F4DA9E6D}.Debug|ARM.Build.0 = Debug|Any CPU
		{BEA0A360-2904-4991-A969-9272F4DA9E6D}.Debug|ARM.Deploy.0 = Debug|Any CPU
		{BEA0A360-2904-4991-A969-9272F4DA9E6D}.Debug|iPhone.ActiveCfg = Debug|Any CPU
		{BEA0A360-2904-4991-A969-9272F4DA9E6D}.Debug|iPhone.Build.0 = Debug|Any CPU
		{BEA0A360-2904-4991-A969-9272F4DA9E6D}.Debug|iPhone.Deploy.0 = Debug|Any CPU
		{BEA0A360-2904-4991-A969-9272F4DA9E6D}.Debug|iPhoneSimulator.ActiveCfg = Debug|Any CPU
		{BEA0A360-2904-4991-A969-9272F4DA9E6D}.Debug|iPhoneSimulator.Build.0 = Debug|Any CPU
		{BEA0A360-2904-4991-A969-9272F4DA9E6D}.Debug|iPhoneSimulator.Deploy.0 = Debug|Any CPU
		{BEA0A360-2904-4991-A969-9272F4DA9E6D}.Debug|x64.ActiveCfg = Debug|Any CPU
		{BEA0A360-2904-4991-A969-9272F4DA9E6D}.Debug|x64.Build.0 = Debug|Any CPU
		{BEA0A360-2904-4991-A969-9272F4DA9E6D}.Debug|x64.Deploy.0 = Debug|Any CPU
		{BEA0A360-2904-4991-A969-9272F4DA9E6D}.Debug|x86.ActiveCfg = Debug|Any CPU
		{BEA0A360-2904-4991-A969-9272F4DA9E6D}.Debug|x86.Build.0 = Debug|Any CPU
		{BEA0A360-2904-4991-A969-9272F4DA9E6D}.Debug|x86.Deploy.0 = Debug|Any CPU
		{BEA0A360-2904-4991-A969-9272F4DA9E6D}.Release|Any CPU.ActiveCfg = Release|Any CPU
		{BEA0A360-2904-4991-A969-9272F4DA9E6D}.Release|Any CPU.Build.0 = Release|Any CPU
		{BEA0A360-2904-4991-A969-9272F4DA9E6D}.Release|Any CPU.Deploy.0 = Release|Any CPU
		{BEA0A360-2904-4991-A969-9272F4DA9E6D}.Release|ARM.ActiveCfg = Release|Any CPU
		{BEA0A360-2904-4991-A969-9272F4DA9E6D}.Release|ARM.Build.0 = Release|Any CPU
		{BEA0A360-2904-4991-A969-9272F4DA9E6D}.Release|ARM.Deploy.0 = Release|Any CPU
		{BEA0A360-2904-4991-A969-9272F4DA9E6D}.Release|iPhone.ActiveCfg = Release|Any CPU
		{BEA0A360-2904-4991-A969-9272F4DA9E6D}.Release|iPhone.Build.0 = Release|Any CPU
		{BEA0A360-2904-4991-A969-9272F4DA9E6D}.Release|iPhone.Deploy.0 = Release|Any CPU
		{BEA0A360-2904-4991-A969-9272F4DA9E6D}.Release|iPhoneSimulator.ActiveCfg = Release|Any CPU
		{BEA0A360-2904-4991-A969-9272F4DA9E6D}.Release|iPhoneSimulator.Build.0 = Release|Any CPU
		{BEA0A360-2904-4991-A969-9272F4DA9E6D}.Release|iPhoneSimulator.Deploy.0 = Release|Any CPU
		{BEA0A360-2904-4991-A969-9272F4DA9E6D}.Release|x64.ActiveCfg = Release|Any CPU
		{BEA0A360-2904-4991-A969-9272F4DA9E6D}.Release|x64.Build.0 = Release|Any CPU
		{BEA0A360-2904-4991-A969-9272F4DA9E6D}.Release|x64.Deploy.0 = Release|Any CPU
		{BEA0A360-2904-4991-A969-9272F4DA9E6D}.Release|x86.ActiveCfg = Release|Any CPU
		{BEA0A360-2904-4991-A969-9272F4DA9E6D}.Release|x86.Build.0 = Release|Any CPU
		{BEA0A360-2904-4991-A969-9272F4DA9E6D}.Release|x86.Deploy.0 = Release|Any CPU
	EndGlobalSection
	GlobalSection(SolutionProperties) = preSolution
		HideSolutionNode = FALSE
	EndGlobalSection
	GlobalSection(ExtensibilityGlobals) = postSolution
		SolutionGuid = {43C29A7D-1AB5-4932-B116-2ADB2B873E9B}
	EndGlobalSection
EndGlobal
